{
  "name": "AlumniCircle",
  "lockfileVersion": 2,
  "requires": true,
  "packages": {
    "": {
      "dependencies": {
        "@vant/area-data": "^1.1.1",
        "@vant/weapp": "^1.6.8",
        "timeago.js": "^4.0.2"
      }
    },
    "node_modules/@vant/area-data": {
      "version": "1.1.1",
      "resolved": "https://registry.nlark.com/@vant/area-data/download/@vant/area-data-1.1.1.tgz",
      "integrity": "sha1-uaz4qATA1g9yG2kAaAKZQisAaxo="
    },
    "node_modules/@vant/weapp": {
      "version": "1.6.8",
      "resolved": "https://registry.npm.taobao.org/@vant/weapp/download/@vant/weapp-1.6.8.tgz",
      "integrity": "sha1-lIrhb7oHxaIFTFJ4PyKq9qBEU+E="
    },
    "node_modules/timeago.js": {
      "version": "4.0.2",
      "resolved": "https://registry.nlark.com/timeago.js/download/timeago.js-4.0.2.tgz",
      "integrity": "sha1-ck6MiDPjSQZ2x7sKdfXa8g5VgCg="
    }
  },
  "dependencies": {
    "@vant/area-data": {
      "version": "1.1.1",
      "resolved": "https://registry.nlark.com/@vant/area-data/download/@vant/area-data-1.1.1.tgz",
      "integrity": "sha1-uaz4qATA1g9yG2kAaAKZQisAaxo="
    },
    "@vant/weapp": {
      "version": "1.6.8",
      "resolved": "https://registry.npm.taobao.org/@vant/weapp/download/@vant/weapp-1.6.8.tgz",
      "integrity": "sha1-lIrhb7oHxaIFTFJ4PyKq9qBEU+E="
    },
    "timeago.js": {
      "version": "4.0.2",
      "resolved": "https://registry.nlark.com/timeago.js/download/timeago.js-4.0.2.tgz",
      "integrity": "sha1-ck6MiDPjSQZ2x7sKdfXa8g5VgCg="
    }
  }
}
