# THIS IS AN AUTOGENERATED FILE. DO NOT EDIT THIS FILE DIRECTLY.
# yarn lockfile v1


"@vant/area-data@^1.1.1":
  "integrity" "sha1-uaz4qATA1g9yG2kAaAKZQisAaxo="
  "resolved" "https://registry.nlark.com/@vant/area-data/download/@vant/area-data-1.1.1.tgz"
  "version" "1.1.1"

"@vant/weapp@^1.6.8":
  "integrity" "sha1-lIrhb7oHxaIFTFJ4PyKq9qBEU+E="
  "resolved" "https://registry.npm.taobao.org/@vant/weapp/download/@vant/weapp-1.6.8.tgz"
  "version" "1.6.8"

"timeago.js@^4.0.2":
  "integrity" "sha1-ck6MiDPjSQZ2x7sKdfXa8g5VgCg="
  "resolved" "https://registry.nlark.com/timeago.js/download/timeago.js-4.0.2.tgz"
  "version" "4.0.2"
